
Microsoft Visual Studio Solution File, Format Version 12.00
# Visual Studio Version 17
VisualStudioVersion = 17.8.34525.116
MinimumVisualStudioVersion = 10.0.40219.1
Project("{FAE04EC0-301F-11D3-BF4B-00C04F79EFBC}") = "CalculatorExample", "CalculatorExample\CalculatorExample.csproj", "{03ABD1F5-4C94-4005-B762-6709062F5749}"
EndProject
Project("{FAE04EC0-301F-11D3-BF4B-00C04F79EFBC}") = "ClassDemo", "ClassDemo\ClassDemo.csproj", "{8AB7E882-A627-4C31-8859-1BBB14184603}"
EndProject
Global
	GlobalSection(SolutionConfigurationPlatforms) = preSolution
		Debug|Any CPU = Debug|Any CPU
		Release|Any CPU = Release|Any CPU
	EndGlobalSection
	GlobalSection(ProjectConfigurationPlatforms) = postSolution
		{03ABD1F5-4C94-4005-B762-6709062F5749}.Debug|Any CPU.ActiveCfg = Debug|Any CPU
		{03ABD1F5-4C94-4005-B762-6709062F5749}.Debug|Any CPU.Build.0 = Debug|Any CPU
		{03ABD1F5-4C94-4005-B762-6709062F5749}.Release|Any CPU.ActiveCfg = Release|Any CPU
		{03ABD1F5-4C94-4005-B762-6709062F5749}.Release|Any CPU.Build.0 = Release|Any CPU
		{8AB7E882-A627-4C31-8859-1BBB14184603}.Debug|Any CPU.ActiveCfg = Debug|Any CPU
		{8AB7E882-A627-4C31-8859-1BBB14184603}.Debug|Any CPU.Build.0 = Debug|Any CPU
		{8AB7E882-A627-4C31-8859-1BBB14184603}.Release|Any CPU.ActiveCfg = Release|Any CPU
		{8AB7E882-A627-4C31-8859-1BBB14184603}.Release|Any CPU.Build.0 = Release|Any CPU
	EndGlobalSection
	GlobalSection(SolutionProperties) = preSolution
		HideSolutionNode = FALSE
	EndGlobalSection
	GlobalSection(ExtensibilityGlobals) = postSolution
		SolutionGuid = {205A70A7-5721-437F-988F-1BE9C00A00F6}
	EndGlobalSection
EndGlobal
